
Microsoft Visual Studio Solution File, Format Version 12.00
Project("{FAE04EC0-301F-11D3-BF4B-00C04F79EFBC}") = "Module1Review", "Module1Review\Module1Review.csproj", "{B88A83B5-CEB5-4D48-8CFF-2F13C4EA8097}"
EndProject
Global
	GlobalSection(SolutionConfigurationPlatforms) = preSolution
		Debug|Any CPU = Debug|Any CPU
		Release|Any CPU = Release|Any CPU
	EndGlobalSection
	GlobalSection(ProjectConfigurationPlatforms) = postSolution
		{B88A83B5-CEB5-4D48-8CFF-2F13C4EA8097}.Debug|Any CPU.ActiveCfg = Debug|Any CPU
		{B88A83B5-CEB5-4D48-8CFF-2F13C4EA8097}.Debug|Any CPU.Build.0 = Debug|Any CPU
		{B88A83B5-CEB5-4D48-8CFF-2F13C4EA8097}.Release|Any CPU.ActiveCfg = Release|Any CPU
		{B88A83B5-CEB5-4D48-8CFF-2F13C4EA8097}.Release|Any CPU.Build.0 = Release|Any CPU
	EndGlobalSection
EndGlobal
